
Microsoft Visual Studio Solution File, Format Version 12.00
# Visual Studio Version 16
VisualStudioVersion = 16.0.33214.272
MinimumVisualStudioVersion = 10.0.40219.1
Project("{FAE04EC0-301F-11D3-BF4B-00C04F79EFBC}") = "ReplaceAddIn", "ReplaceAddIn\ReplaceAddIn.csproj", "{2AE9985D-E627-45AD-BBB5-49FC613B726F}"
EndProject
Global
	GlobalSection(SolutionConfigurationPlatforms) = preSolution
		Debug|Any CPU = Debug|Any CPU
		Release|Any CPU = Release|Any CPU
	EndGlobalSection
	GlobalSection(ProjectConfigurationPlatforms) = postSolution
		{2AE9985D-E627-45AD-BBB5-49FC613B726F}.Debug|Any CPU.ActiveCfg = Debug|Any CPU
		{2AE9985D-E627-45AD-BBB5-49FC613B726F}.Debug|Any CPU.Build.0 = Debug|Any CPU
		{2AE9985D-E627-45AD-BBB5-49FC613B726F}.Release|Any CPU.ActiveCfg = Release|Any CPU
		{2AE9985D-E627-45AD-BBB5-49FC613B726F}.Release|Any CPU.Build.0 = Release|Any CPU
	EndGlobalSection
	GlobalSection(SolutionProperties) = preSolution
		HideSolutionNode = FALSE
	EndGlobalSection
	GlobalSection(ExtensibilityGlobals) = postSolution
		SolutionGuid = {ABEC4858-A1CE-409B-A3B0-CED442771E8B}
	EndGlobalSection
EndGlobal
